
Microsoft Visual Studio Solution File, Format Version 12.00
# Visual Studio Version 17
VisualStudioVersion = 17.8.34316.72
MinimumVisualStudioVersion = 10.0.40219.1
Project("{9A19103F-16F7-4668-BE54-9A1E7A4F7556}") = "ZarzadzanieProjektami", "ZarzadzanieProjektami\ZarzadzanieProjektami.csproj", "{1ABE3329-B8D1-450D-AB9F-243AA6ED4263}"
EndProject
Global
	GlobalSection(SolutionConfigurationPlatforms) = preSolution
		Debug|Any CPU = Debug|Any CPU
		Release|Any CPU = Release|Any CPU
	EndGlobalSection
	GlobalSection(ProjectConfigurationPlatforms) = postSolution
		{1ABE3329-B8D1-450D-AB9F-243AA6ED4263}.Debug|Any CPU.ActiveCfg = Debug|Any CPU
		{1ABE3329-B8D1-450D-AB9F-243AA6ED4263}.Debug|Any CPU.Build.0 = Debug|Any CPU
		{1ABE3329-B8D1-450D-AB9F-243AA6ED4263}.Release|Any CPU.ActiveCfg = Release|Any CPU
		{1ABE3329-B8D1-450D-AB9F-243AA6ED4263}.Release|Any CPU.Build.0 = Release|Any CPU
	EndGlobalSection
	GlobalSection(SolutionProperties) = preSolution
		HideSolutionNode = FALSE
	EndGlobalSection
	GlobalSection(ExtensibilityGlobals) = postSolution
		SolutionGuid = {A5E08752-D935-4E34-8B88-09EF5719499A}
	EndGlobalSection
EndGlobal
